// !$*UTF8*$!
{
	archiveVersion = 1;
	classes = {
	};
	objectVersion = 56;
	objects = {

/* Begin PBXBuildFile section */
		EAABFBBE29EAC14300ED95D6 /* AppDelegate.swift in Sources */ = {isa = PBXBuildFile; fileRef = EAABFBBD29EAC14300ED95D6 /* AppDelegate.swift */; };
		EAABFBC029EAC14300ED95D6 /* SceneDelegate.swift in Sources */ = {isa = PBXBuildFile; fileRef = EAABFBBF29EAC14300ED95D6 /* SceneDelegate.swift */; };
		EAABFBC229EAC14300ED95D6 /* ViewController.swift in Sources */ = {isa = PBXBuildFile; fileRef = EAABFBC129EAC14300ED95D6 /* ViewController.swift */; };
		EAABFBC529EAC14300ED95D6 /* Main.storyboard in Resources */ = {isa = PBXBuildFile; fileRef = EAABFBC329EAC14300ED95D6 /* Main.storyboard */; };
		EAABFBC729EAC14400ED95D6 /* Assets.xcassets in Resources */ = {isa = PBXBuildFile; fileRef = EAABFBC629EAC14400ED95D6 /* Assets.xcassets */; };
		EAABFBCA29EAC14400ED95D6 /* LaunchScreen.storyboard in Resources */ = {isa = PBXBuildFile; fileRef = EAABFBC829EAC14400ED95D6 /* LaunchScreen.storyboard */; };
		EAABFBD429EAD00400ED95D6 /* DetailViewController.swift in Sources */ = {isa = PBXBuildFile; fileRef = EAABFBD329EAD00400ED95D6 /* DetailViewController.swift */; };
		EAABFBD629EAD28400ED95D6 /* Context.swift in Sources */ = {isa = PBXBuildFile; fileRef = EAABFBD529EAD28400ED95D6 /* Context.swift */; };
/* End PBXBuildFile section */

/* Begin PBXFileReference section */
		EAABFBBA29EAC14300ED95D6 /* IOS_Project_1_My_Story.app */ = {isa = PBXFileReference; explicitFileType = wrapper.application; includeInIndex = 0; path = IOS_Project_1_My_Story.app; sourceTree = BUILT_PRODUCTS_DIR; };
		EAABFBBD29EAC14300ED95D6 /* AppDelegate.swift */ = {isa = PBXFileReference; lastKnownFileType = sourcecode.swift; path = AppDelegate.swift; sourceTree = "<group>"; };
		EAABFBBF29EAC14300ED95D6 /* SceneDelegate.swift */ = {isa = PBXFileReference; lastKnownFileType = sourcecode.swift; path = SceneDelegate.swift; sourceTree = "<group>"; };
		EAABFBC129EAC14300ED95D6 /* ViewController.swift */ = {isa = PBXFileReference; lastKnownFileType = sourcecode.swift; path = ViewController.swift; sourceTree = "<group>"; };
		EAABFBC429EAC14300ED95D6 /* Base */ = {isa = PBXFileReference; lastKnownFileType = file.storyboard; name = Base; path = Base.lproj/Main.storyboard; sourceTree = "<group>"; };
		EAABFBC629EAC14400ED95D6 /* Assets.xcassets */ = {isa = PBXFileReference; lastKnownFileType = folder.assetcatalog; path = Assets.xcassets; sourceTree = "<group>"; };
		EAABFBC929EAC14400ED95D6 /* Base */ = {isa = PBXFileReference; lastKnownFileType = file.storyboard; name = Base; path = Base.lproj/LaunchScreen.storyboard; sourceTree = "<group>"; };
		EAABFBCB29EAC14400ED95D6 /* Info.plist */ = {isa = PBXFileReference; lastKnownFileType = text.plist.xml; path = Info.plist; sourceTree = "<group>"; };
		EAABFBD329EAD00400ED95D6 /* DetailViewController.swift */ = {isa = PBXFileReference; lastKnownFileType = sourcecode.swift; path = DetailViewController.swift; sourceTree = "<group>"; };
		EAABFBD529EAD28400ED95D6 /* Context.swift */ = {isa = PBXFileReference; lastKnownFileType = sourcecode.swift; path = Context.swift; sourceTree = "<group>"; };
/* End PBXFileReference section */

/* Begin PBXFrameworksBuildPhase section */
		EAABFBB729EAC14300ED95D6 /* Frameworks */ = {
			isa = PBXFrameworksBuildPhase;
			buildActionMask = 2147483647;
			files = (
			);
			runOnlyForDeploymentPostprocessing = 0;
		};
/* End PBXFrameworksBuildPhase section */

/* Begin PBXGroup section */
		EAABFBB129EAC14300ED95D6 = {
			isa = PBXGroup;
			children = (
				EAABFBBC29EAC14300ED95D6 /* IOS_Project_1_My_Story */,
				EAABFBBB29EAC14300ED95D6 /* Products */,
			);
			sourceTree = "<group>";
		};
		EAABFBBB29EAC14300ED95D6 /* Products */ = {
			isa = PBXGroup;
			children = (
				EAABFBBA29EAC14300ED95D6 /* IOS_Project_1_My_Story.app */,
			);
			name = Products;
			sourceTree = "<group>";
		};
		EAABFBBC29EAC14300ED95D6 /* IOS_Project_1_My_Story */ = {
			isa = PBXGroup;
			children = (
				EAABFBBD29EAC14300ED95D6 /* AppDelegate.swift */,
				EAABFBBF29EAC14300ED95D6 /* SceneDelegate.swift */,
				EAABFBC129EAC14300ED95D6 /* ViewController.swift */,
				EAABFBD329EAD00400ED95D6 /* DetailViewController.swift */,
				EAABFBD529EAD28400ED95D6 /* Context.swift */,
				EAABFBC329EAC14300ED95D6 /* Main.storyboard */,
				EAABFBC629EAC14400ED95D6 /* Assets.xcassets */,
				EAABFBC829EAC14400ED95D6 /* LaunchScreen.storyboard */,
				EAABFBCB29EAC14400ED95D6 /* Info.plist */,
			);
			path = IOS_Project_1_My_Story;
			sourceTree = "<group>";
		};
/* End PBXGroup section */

/* Begin PBXNativeTarget section */
		EAABFBB929EAC14300ED95D6 /* IOS_Project_1_My_Story */ = {
			isa = PBXNativeTarget;
			buildConfigurationList = EAABFBCE29EAC14400ED95D6 /* Build configuration list for PBXNativeTarget "IOS_Project_1_My_Story" */;
			buildPhases = (
				EAABFBB629EAC14300ED95D6 /* Sources */,
				EAABFBB729EAC14300ED95D6 /* Frameworks */,
				EAABFBB829EAC14300ED95D6 /* Resources */,
			);
			buildRules = (
			);
			dependencies = (
			);
			name = IOS_Project_1_My_Story;
			productName = IOS_Project_1_My_Story;
			productReference = EAABFBBA29EAC14300ED95D6 /* IOS_Project_1_My_Story.app */;
			productType = "com.apple.product-type.application";
		};
/* End PBXNativeTarget section */

/* Begin PBXProject section */
		EAABFBB229EAC14300ED95D6 /* Project object */ = {
			isa = PBXProject;
			attributes = {
				BuildIndependentTargetsInParallel = 1;
				LastSwiftUpdateCheck = 1420;
				LastUpgradeCheck = 1420;
				TargetAttributes = {
					EAABFBB929EAC14300ED95D6 = {
						CreatedOnToolsVersion = 14.2;
					};
				};
			};
			buildConfigurationList = EAABFBB529EAC14300ED95D6 /* Build configuration list for PBXProject "IOS_Project_1_My_Story" */;
			compatibilityVersion = "Xcode 14.0";
			developmentRegion = en;
			hasScannedForEncodings = 0;
			knownRegions = (
				en,
				Base,
			);
			mainGroup = EAABFBB129EAC14300ED95D6;
			productRefGroup = EAABFBBB29EAC14300ED95D6 /* Products */;
			projectDirPath = "";
			projectRoot = "";
			targets = (
				EAABFBB929EAC14300ED95D6 /* IOS_Project_1_My_Story */,
			);
		};
/* End PBXProject section */

/* Begin PBXResourcesBuildPhase section */
		EAABFBB829EAC14300ED95D6 /* Resources */ = {
			isa = PBXResourcesBuildPhase;
			buildActionMask = 2147483647;
			files = (
				EAABFBCA29EAC14400ED95D6 /* LaunchScreen.storyboard in Resources */,
				EAABFBC729EAC14400ED95D6 /* Assets.xcassets in Resources */,
				EAABFBC529EAC14300ED95D6 /* Main.storyboard in Resources */,
			);
			runOnlyForDeploymentPostprocessing = 0;
		};
/* End PBXResourcesBuildPhase section */

/* Begin PBXSourcesBuildPhase section */
		EAABFBB629EAC14300ED95D6 /* Sources */ = {
			isa = PBXSourcesBuildPhase;
			buildActionMask = 2147483647;
			files = (
				EAABFBC229EAC14300ED95D6 /* ViewController.swift in Sources */,
				EAABFBBE29EAC14300ED95D6 /* AppDelegate.swift in Sources */,
				EAABFBC029EAC14300ED95D6 /* SceneDelegate.swift in Sources */,
				EAABFBD629EAD28400ED95D6 /* Context.swift in Sources */,
				EAABFBD429EAD00400ED95D6 /* DetailViewController.swift in Sources */,
			);
			runOnlyForDeploymentPostprocessing = 0;
		};
/* End PBXSourcesBuildPhase section */

/* Begin PBXVariantGroup section */
		EAABFBC329EAC14300ED95D6 /* Main.storyboard */ = {
			isa = PBXVariantGroup;
			children = (
				EAABFBC429EAC14300ED95D6 /* Base */,
			);
			name = Main.storyboard;
			sourceTree = "<group>";
		};
		EAABFBC829EAC14400ED95D6 /* LaunchScreen.storyboard */ = {
			isa = PBXVariantGroup;
			children = (
				EAABFBC929EAC14400ED95D6 /* Base */,
			);
			name = LaunchScreen.storyboard;
			sourceTree = "<group>";
		};
/* End PBXVariantGroup section */

/* Begin XCBuildConfiguration section */
		EAABFBCC29EAC14400ED95D6 /* Debug */ = {
			isa = XCBuildConfiguration;
			buildSettings = {
				ALWAYS_SEARCH_USER_PATHS = NO;
				CLANG_ANALYZER_NONNULL = YES;
				CLANG_ANALYZER_NUMBER_OBJECT_CONVERSION = YES_AGGRESSIVE;
				CLANG_CXX_LANGUAGE_STANDARD = "gnu++20";
				CLANG_ENABLE_MODULES = YES;
				CLANG_ENABLE_OBJC_ARC = YES;
				CLANG_ENABLE_OBJC_WEAK = YES;
				CLANG_WARN_BLOCK_CAPTURE_AUTORELEASING = YES;
				CLANG_WARN_BOOL_CONVERSION = YES;
				CLANG_WARN_COMMA = YES;
				CLANG_WARN_CONSTANT_CONVERSION = YES;
				CLANG_WARN_DEPRECATED_OBJC_IMPLEMENTATIONS = YES;
				CLANG_WARN_DIRECT_OBJC_ISA_USAGE = YES_ERROR;
				CLANG_WARN_DOCUMENTATION_COMMENTS = YES;
				CLANG_WARN_EMPTY_BODY = YES;
				CLANG_WARN_ENUM_CONVERSION = YES;
				CLANG_WARN_INFINITE_RECURSION = YES;
				CLANG_WARN_INT_CONVERSION = YES;
				CLANG_WARN_NON_LITERAL_NULL_CONVERSION = YES;
				CLANG_WARN_OBJC_IMPLICIT_RETAIN_SELF = YES;
				CLANG_WARN_OBJC_LITERAL_CONVERSION = YES;
				CLANG_WARN_OBJC_ROOT_CLASS = YES_ERROR;
				CLANG_WARN_QUOTED_INCLUDE_IN_FRAMEWORK_HEADER = YES;
				CLANG_WARN_RANGE_LOOP_ANALYSIS = YES;
				CLANG_WARN_STRICT_PROTOTYPES = YES;
				CLANG_WARN_SUSPICIOUS_MOVE = YES;
				CLANG_WARN_UNGUARDED_AVAILABILITY = YES_AGGRESSIVE;
				CLANG_WARN_UNREACHABLE_CODE = YES;
				CLANG_WARN__DUPLICATE_METHOD_MATCH = YES;
				COPY_PHASE_STRIP = NO;
				DEBUG_INFORMATION_FORMAT = dwarf;
				ENABLE_STRICT_OBJC_MSGSEND = YES;
				ENABLE_TESTABILITY = YES;
				GCC_C_LANGUAGE_STANDARD = gnu11;
				GCC_DYNAMIC_NO_PIC = NO;
				GCC_NO_COMMON_BLOCKS = YES;
				GCC_OPTIMIZATION_LEVEL = 0;
				GCC_PREPROCESSOR_DEFINITIONS = (
					"DEBUG=1",
					"$(inherited)",
				);
				GCC_WARN_64_TO_32_BIT_CONVERSION = YES;
				GCC_WARN_ABOUT_RETURN_TYPE = YES_ERROR;
				GCC_WARN_UNDECLARED_SELECTOR = YES;
				GCC_WARN_UNINITIALIZED_AUTOS = YES_AGGRESSIVE;
				GCC_WARN_UNUSED_FUNCTION = YES;
				GCC_WARN_UNUSED_VARIABLE = YES;
				IPHONEOS_DEPLOYMENT_TARGET = 16.2;
				MTL_ENABLE_DEBUG_INFO = INCLUDE_SOURCE;
				MTL_FAST_MATH = YES;
				ONLY_ACTIVE_ARCH = YES;
				SDKROOT = iphoneos;
				SWIFT_ACTIVE_COMPILATION_CONDITIONS = DEBUG;
				SWIFT_OPTIMIZATION_LEVEL = "-Onone";
			};
			name = Debug;
		};
		EAABFBCD29EAC14400ED95D6 /* Release */ = {
			isa = XCBuildConfiguration;
			buildSettings = {
				ALWAYS_SEARCH_USER_PATHS = NO;
				CLANG_ANALYZER_NONNULL = YES;
				CLANG_ANALYZER_NUMBER_OBJECT_CONVERSION = YES_AGGRESSIVE;
				CLANG_CXX_LANGUAGE_STANDARD = "gnu++20";
				CLANG_ENABLE_MODULES = YES;
				CLANG_ENABLE_OBJC_ARC = YES;
				CLANG_ENABLE_OBJC_WEAK = YES;
				CLANG_WARN_BLOCK_CAPTURE_AUTORELEASING = YES;
				CLANG_WARN_BOOL_CONVERSION = YES;
				CLANG_WARN_COMMA = YES;
				CLANG_WARN_CONSTANT_CONVERSION = YES;
				CLANG_WARN_DEPRECATED_OBJC_IMPLEMENTATIONS = YES;
				CLANG_WARN_DIRECT_OBJC_ISA_USAGE = YES_ERROR;
				CLANG_WARN_DOCUMENTATION_COMMENTS = YES;
				CLANG_WARN_EMPTY_BODY = YES;
				CLANG_WARN_ENUM_CONVERSION = YES;
				CLANG_WARN_INFINITE_RECURSION = YES;
				CLANG_WARN_INT_CONVERSION = YES;
				CLANG_WARN_NON_LITERAL_NULL_CONVERSION = YES;
				CLANG_WARN_OBJC_IMPLICIT_RETAIN_SELF = YES;
				CLANG_WARN_OBJC_LITERAL_CONVERSION = YES;
				CLANG_WARN_OBJC_ROOT_CLASS = YES_ERROR;
				CLANG_WARN_QUOTED_INCLUDE_IN_FRAMEWORK_HEADER = YES;
				CLANG_WARN_RANGE_LOOP_ANALYSIS = YES;
				CLANG_WARN_STRICT_PROTOTYPES = YES;
				CLANG_WARN_SUSPICIOUS_MOVE = YES;
				CLANG_WARN_UNGUARDED_AVAILABILITY = YES_AGGRESSIVE;
				CLANG_WARN_UNREACHABLE_CODE = YES;
				CLANG_WARN__DUPLICATE_METHOD_MATCH = YES;
				COPY_PHASE_STRIP = NO;
				DEBUG_INFORMATION_FORMAT = "dwarf-with-dsym";
				ENABLE_NS_ASSERTIONS = NO;
				ENABLE_STRICT_OBJC_MSGSEND = YES;
				GCC_C_LANGUAGE_STANDARD = gnu11;
				GCC_NO_COMMON_BLOCKS = YES;
				GCC_WARN_64_TO_32_BIT_CONVERSION = YES;
				GCC_WARN_ABOUT_RETURN_TYPE = YES_ERROR;
				GCC_WARN_UNDECLARED_SELECTOR = YES;
				GCC_WARN_UNINITIALIZED_AUTOS = YES_AGGRESSIVE;
				GCC_WARN_UNUSED_FUNCTION = YES;
				GCC_WARN_UNUSED_VARIABLE = YES;
				IPHONEOS_DEPLOYMENT_TARGET = 16.2;
				MTL_ENABLE_DEBUG_INFO = NO;
				MTL_FAST_MATH = YES;
				SDKROOT = iphoneos;
				SWIFT_COMPILATION_MODE = wholemodule;
				SWIFT_OPTIMIZATION_LEVEL = "-O";
				VALIDATE_PRODUCT = YES;
			};
			name = Release;
		};
		EAABFBCF29EAC14400ED95D6 /* Debug */ = {
			isa = XCBuildConfiguration;
			buildSettings = {
				ASSETCATALOG_COMPILER_APPICON_NAME = AppIcon;
				ASSETCATALOG_COMPILER_GLOBAL_ACCENT_COLOR_NAME = AccentColor;
				CODE_SIGN_STYLE = Automatic;
				CURRENT_PROJECT_VERSION = 1;
				GENERATE_INFOPLIST_FILE = YES;
				INFOPLIST_FILE = IOS_Project_1_My_Story/Info.plist;
				INFOPLIST_KEY_UIApplicationSupportsIndirectInputEvents = YES;
				INFOPLIST_KEY_UILaunchStoryboardName = LaunchScreen;
				INFOPLIST_KEY_UIMainStoryboardFile = Main;
				INFOPLIST_KEY_UISupportedInterfaceOrientations_iPad = "UIInterfaceOrientationPortrait UIInterfaceOrientationPortraitUpsideDown UIInterfaceOrientationLandscapeLeft UIInterfaceOrientationLandscapeRight";
				INFOPLIST_KEY_UISupportedInterfaceOrientations_iPhone = "UIInterfaceOrientationPortrait UIInterfaceOrientationLandscapeLeft UIInterfaceOrientationLandscapeRight";
				LD_RUNPATH_SEARCH_PATHS = (
					"$(inherited)",
					"@executable_path/Frameworks",
				);
				MARKETING_VERSION = 1.0;
				PRODUCT_BUNDLE_IDENTIFIER = "edu.csumb.dyignacio.IOS-Project-1-My-Story";
				PRODUCT_NAME = "$(TARGET_NAME)";
				SWIFT_EMIT_LOC_STRINGS = YES;
				SWIFT_VERSION = 5.0;
				TARGETED_DEVICE_FAMILY = "1,2";
			};
			name = Debug;
		};
		EAABFBD029EAC14400ED95D6 /* Release */ = {
			isa = XCBuildConfiguration;
			buildSettings = {
				ASSETCATALOG_COMPILER_APPICON_NAME = AppIcon;
				ASSETCATALOG_COMPILER_GLOBAL_ACCENT_COLOR_NAME = AccentColor;
				CODE_SIGN_STYLE = Automatic;
				CURRENT_PROJECT_VERSION = 1;
				GENERATE_INFOPLIST_FILE = YES;
				INFOPLIST_FILE = IOS_Project_1_My_Story/Info.plist;
				INFOPLIST_KEY_UIApplicationSupportsIndirectInputEvents = YES;
				INFOPLIST_KEY_UILaunchStoryboardName = LaunchScreen;
				INFOPLIST_KEY_UIMainStoryboardFile = Main;
				INFOPLIST_KEY_UISupportedInterfaceOrientations_iPad = "UIInterfaceOrientationPortrait UIInterfaceOrientationPortraitUpsideDown UIInterfaceOrientationLandscapeLeft UIInterfaceOrientationLandscapeRight";
				INFOPLIST_KEY_UISupportedInterfaceOrientations_iPhone = "UIInterfaceOrientationPortrait UIInterfaceOrientationLandscapeLeft UIInterfaceOrientationLandscapeRight";
				LD_RUNPATH_SEARCH_PATHS = (
					"$(inherited)",
					"@executable_path/Frameworks",
				);
				MARKETING_VERSION = 1.0;
				PRODUCT_BUNDLE_IDENTIFIER = "edu.csumb.dyignacio.IOS-Project-1-My-Story";
				PRODUCT_NAME = "$(TARGET_NAME)";
				SWIFT_EMIT_LOC_STRINGS = YES;
				SWIFT_VERSION = 5.0;
				TARGETED_DEVICE_FAMILY = "1,2";
			};
			name = Release;
		};
/* End XCBuildConfiguration section */

/* Begin XCConfigurationList section */
		EAABFBB529EAC14300ED95D6 /* Build configuration list for PBXProject "IOS_Project_1_My_Story" */ = {
			isa = XCConfigurationList;
			buildConfigurations = (
				EAABFBCC29EAC14400ED95D6 /* Debug */,
				EAABFBCD29EAC14400ED95D6 /* Release */,
			);
			defaultConfigurationIsVisible = 0;
			defaultConfigurationName = Release;
		};
		EAABFBCE29EAC14400ED95D6 /* Build configuration list for PBXNativeTarget "IOS_Project_1_My_Story" */ = {
			isa = XCConfigurationList;
			buildConfigurations = (
				EAABFBCF29EAC14400ED95D6 /* Debug */,
				EAABFBD029EAC14400ED95D6 /* Release */,
			);
			defaultConfigurationIsVisible = 0;
			defaultConfigurationName = Release;
		};
/* End XCConfigurationList section */
	};
	rootObject = EAABFBB229EAC14300ED95D6 /* Project object */;
}
